{
  "name": "abyss-survivor",
  "version": "1.0.0",
  "lockfileVersion": 3,
  "requires": true,
  "packages": {
    "": {
      "name": "abyss-survivor",
      "version": "1.0.0",
      "dependencies": {
        "@capacitor/core": "^6.0.0",
        "@capacitor/haptics": "^6.0.0",
        "@capacitor/ios": "^6.0.0",
        "@capacitor/preferences": "^6.0.0"
      },
      "devDependencies": {
        "@capacitor/cli": "^6.0.0"
      }
    },
    "node_modules/@capacitor/cli": {
      "version": "6.1.2",
      "resolved": "https://registry.npmjs.org/@capacitor/cli/-/cli-6.1.2.tgz",
      "integrity": "sha512-7773P5D3t6ELZm9bZPqD3qLD6nsnWn8CBCPAYm3GQ4t/TX8q0y5+Wg2j7yIcH7l0d3y6G+pH42i4z5KH7Lz+G/g==",
      "dev": true,
      "dependencies": {
        "@ionic/cli-framework-output": "^2.2.5",
        "@ionic/utils-fs": "^3.1.6",
        "@ionic/utils-process": "^2.1.11",
        "@ionic/utils-subprocess": "2.1.11",
        "@ionic/utils-terminal": "^2.3.3",
        "commander": "^9.3.0",
        "debug": "^4.3.4",
        "env-paths": "^2.2.0",
        "kleur": "^4.1.4",
        "native-run": "^2.0.0",
        "open": "^8.4.0",
        "plist": "^3.0.5",
        "prompts": "^2.4.2",
        "rimraf": "^4.4.1",
        "semver": "^7.3.7",
        "tar": "^6.1.11",
        "tslib": "^2.4.0",
        "xml2js": "^0.5.0"
      },
      "bin": {
        "cap": "bin/capacitor",
        "capacitor": "bin/capacitor"
      },
      "engines": {
        "node": ">=18.0.0"
      }
    },
    "node_modules/@capacitor/core": {
      "version": "6.1.2",
      "resolved": "https://registry.npmjs.org/@capacitor/core/-/core-6.1.2.tgz",
      "integrity": "sha512-xF1zH/fZ8NmRlTqQEUfFXmJ+O7SBAkUVF6zx5xPfLfdO2HrdIKKbpzHz3OJ2FFnGhW8q2CkH/yiWj3B0pV0Igg==",
      "dependencies": {
        "tslib": "^2.1.0"
      }
    },
    "node_modules/@capacitor/haptics": {
      "version": "6.0.1",
      "resolved": "https://registry.npmjs.org/@capacitor/haptics/-/haptics-6.0.1.tgz",
      "integrity": "sha512-QOnotx+3bK9x8VuQafqX9y9m1HX2+GzD8+9pPIuPX+Mp+0ibvtMRiU0gHNiY0jD2/33X1gZxVpzGtrd7FvGqWfg==",
      "peerDependencies": {
        "@capacitor/core": "^6.0.0"
      }
    },
    "node_modules/@capacitor/ios": {
      "version": "6.1.2",
      "resolved": "https://registry.npmjs.org/@capacitor/ios/-/ios-6.1.2.tgz",
      "integrity": "sha512-HaeW7KwkD4N0Kf7VO6Nl3j29iXr1i8CkG0DbyiL3xQZufhHSFTFfZGlWC3RFRmK7uPGOcmf8EXyH6XLC6V4G/A==",
      "peerDependencies": {
        "@capacitor/core": "^6.0.0"
      }
    },
    "node_modules/@capacitor/preferences": {
      "version": "6.0.2",
      "resolved": "https://registry.npmjs.org/@capacitor/preferences/-/preferences-6.0.2.tgz",
      "integrity": "sha512-ccD4/9ybnip1ncn6fUIeK2WVqhjfgJTsWegpTL2xJ2dSStcbr9KYdCbuJNDuFcntqOaTL+I0kBPg5A9VRL49Iw==",
      "peerDependencies": {
        "@capacitor/core": "^6.0.0"
      }
    }
  }
}